// !$*UTF8*$!
{
	archiveVersion = 1;
	classes = {
	};
	objectVersion = 46;
	objects = {

/* Begin PBXBuildFile section */
		3A0B91761BDE587B0021B840 /* GZDHomeTableViewController.swift in Sources */ = {isa = PBXBuildFile; fileRef = 3A0B91641BDE587B0021B840 /* GZDHomeTableViewController.swift */; };
		3A0B91771BDE587B0021B840 /* GZDTabBarController.swift in Sources */ = {isa = PBXBuildFile; fileRef = 3A0B91691BDE587B0021B840 /* GZDTabBarController.swift */; };
		3A0B91781BDE587B0021B840 /* GZDTabBar.swift in Sources */ = {isa = PBXBuildFile; fileRef = 3A0B916B1BDE587B0021B840 /* GZDTabBar.swift */; };
		3A0B91791BDE587B0021B840 /* GZDMessageTableViewController.swift in Sources */ = {isa = PBXBuildFile; fileRef = 3A0B916E1BDE587B0021B840 /* GZDMessageTableViewController.swift */; };
		3A0B917A1BDE587B0021B840 /* GZDProfileTableViewController.swift in Sources */ = {isa = PBXBuildFile; fileRef = 3A0B91731BDE587B0021B840 /* GZDProfileTableViewController.swift */; };
		3A0B91801BDE58D70021B840 /* GZDDiscoverTableViewController.swift in Sources */ = {isa = PBXBuildFile; fileRef = 3A0B917D1BDE58D70021B840 /* GZDDiscoverTableViewController.swift */; };
		3A0B91831BDE5D6B0021B840 /* GZDBaseTableViewController.swift in Sources */ = {isa = PBXBuildFile; fileRef = 3A0B91821BDE5D6B0021B840 /* GZDBaseTableViewController.swift */; };
		3A0B91871BDE5EB70021B840 /* GZDVisitorView.swift in Sources */ = {isa = PBXBuildFile; fileRef = 3A0B91861BDE5EB70021B840 /* GZDVisitorView.swift */; };
		3A402E2C1BEE2F7000F0843C /* GZDPhotoSelectController.swift in Sources */ = {isa = PBXBuildFile; fileRef = 3A402E2B1BEE2F7000F0843C /* GZDPhotoSelectController.swift */; };
		3A402E2E1BEE2F7E00F0843C /* UIImage + Extension.swift in Sources */ = {isa = PBXBuildFile; fileRef = 3A402E2D1BEE2F7E00F0843C /* UIImage + Extension.swift */; };
		3A8033111BE8DE10002295D4 /* GZDRefreshControl.swift in Sources */ = {isa = PBXBuildFile; fileRef = 3A8033101BE8DE10002295D4 /* GZDRefreshControl.swift */; };
		3A8033131BE8DE8F002295D4 /* GZDRefreshView.xib in Resources */ = {isa = PBXBuildFile; fileRef = 3A8033121BE8DE8F002295D4 /* GZDRefreshView.xib */; };
		3A8E02F41BEA784C00102EAE /* GZDComposeViewController.swift in Sources */ = {isa = PBXBuildFile; fileRef = 3A8E02F31BEA784C00102EAE /* GZDComposeViewController.swift */; };
		3A9569541BE64E0B00E15184 /* UILabel + Extension.swift in Sources */ = {isa = PBXBuildFile; fileRef = 3A9569531BE64E0B00E15184 /* UILabel + Extension.swift */; };
		3A9569561BE67D0200E15184 /* GZDBottomView.swift in Sources */ = {isa = PBXBuildFile; fileRef = 3A9569551BE67D0200E15184 /* GZDBottomView.swift */; };
		3A9569581BE67D2E00E15184 /* UIButton + Extension.swift in Sources */ = {isa = PBXBuildFile; fileRef = 3A9569571BE67D2E00E15184 /* UIButton + Extension.swift */; };
		3A99A4A11BEB70F30089D63B /* GZDPlaceholderTextView.swift in Sources */ = {isa = PBXBuildFile; fileRef = 3A99A4A01BEB70F30089D63B /* GZDPlaceholderTextView.swift */; };
		3AA378F31BE4DEA100671F97 /* UIBarButtonItem + Extension.swift in Sources */ = {isa = PBXBuildFile; fileRef = 3AA378F21BE4DEA100671F97 /* UIBarButtonItem + Extension.swift */; };
		3AA378F51BE4F61A00671F97 /* GZDHomeTitleButton.swift in Sources */ = {isa = PBXBuildFile; fileRef = 3AA378F41BE4F61A00671F97 /* GZDHomeTitleButton.swift */; };
		3AA378F71BE50B1800671F97 /* UIView+AutoLayout.swift in Sources */ = {isa = PBXBuildFile; fileRef = 3AA378F61BE50B1800671F97 /* UIView+AutoLayout.swift */; };
		3AA378F91BE5360400671F97 /* GZDStatus.swift in Sources */ = {isa = PBXBuildFile; fileRef = 3AA378F81BE5360400671F97 /* GZDStatus.swift */; };
		3AA378FB1BE595C900671F97 /* GZDUser.swift in Sources */ = {isa = PBXBuildFile; fileRef = 3AA378FA1BE595C900671F97 /* GZDUser.swift */; };
		3AA379231BE6280A00671F97 /* GZDHomeCell.swift in Sources */ = {isa = PBXBuildFile; fileRef = 3AA379221BE6280A00671F97 /* GZDHomeCell.swift */; };
		3AA379251BE6282F00671F97 /* GZDTopView.swift in Sources */ = {isa = PBXBuildFile; fileRef = 3AA379241BE6282F00671F97 /* GZDTopView.swift */; };
		3AA66F4D1BDF7AAE005659A4 /* GZDNetworkTools.swift in Sources */ = {isa = PBXBuildFile; fileRef = 3AA66F4C1BDF7AAE005659A4 /* GZDNetworkTools.swift */; };
		3AA81EEA1BE6EBF600DB6C9C /* UIScreen + Extension.swift in Sources */ = {isa = PBXBuildFile; fileRef = 3AA81EE91BE6EBF600DB6C9C /* UIScreen + Extension.swift */; };
		3AA81EEC1BE6F06600DB6C9C /* GZDPictureView.swift in Sources */ = {isa = PBXBuildFile; fileRef = 3AA81EEB1BE6F06600DB6C9C /* GZDPictureView.swift */; };
		3AA81EEE1BE77C5300DB6C9C /* GZDForwardCell.swift in Sources */ = {isa = PBXBuildFile; fileRef = 3AA81EED1BE77C5300DB6C9C /* GZDForwardCell.swift */; };
		3AA81EF01BE78FD500DB6C9C /* GZDNormalCell.swift in Sources */ = {isa = PBXBuildFile; fileRef = 3AA81EEF1BE78FD500DB6C9C /* GZDNormalCell.swift */; };
		3AA81EF21BE7CA7500DB6C9C /* UIImageView + Extension.swift in Sources */ = {isa = PBXBuildFile; fileRef = 3AA81EF11BE7CA7500DB6C9C /* UIImageView + Extension.swift */; };
		3AAE203D1BE38E480075C933 /* GZDWelcomeViewController.swift in Sources */ = {isa = PBXBuildFile; fileRef = 3AAE203C1BE38E480075C933 /* GZDWelcomeViewController.swift */; };
		3AAE203F1BE3A5050075C933 /* GZDNewFeatureViewController.swift in Sources */ = {isa = PBXBuildFile; fileRef = 3AAE203E1BE3A5050075C933 /* GZDNewFeatureViewController.swift */; };
		3AAE20411BE3A9130075C933 /* UIColor + Extension.swift in Sources */ = {isa = PBXBuildFile; fileRef = 3AAE20401BE3A9130075C933 /* UIColor + Extension.swift */; };
		3AB78DB41BEB0BC3002B5E82 /* GZDComposeToolBar.swift in Sources */ = {isa = PBXBuildFile; fileRef = 3AB78DB31BEB0BC3002B5E82 /* GZDComposeToolBar.swift */; };
		3AB78DB61BEB1078002B5E82 /* Storyboard.storyboard in Resources */ = {isa = PBXBuildFile; fileRef = 3AB78DB51BEB1078002B5E82 /* Storyboard.storyboard */; };
		3AC4CAC01BEED5CA00DA272E /* GZDPhotoBrowseController.swift in Sources */ = {isa = PBXBuildFile; fileRef = 3AC4CABF1BEED5CA00DA272E /* GZDPhotoBrowseController.swift */; };
		3ACACA821BE0E63000686FC5 /* GZDOAuthViewController.swift in Sources */ = {isa = PBXBuildFile; fileRef = 3ACACA811BE0E63000686FC5 /* GZDOAuthViewController.swift */; };
		3ACF15B91BDE3CE500FEDBB7 /* AppDelegate.swift in Sources */ = {isa = PBXBuildFile; fileRef = 3ACF15B81BDE3CE500FEDBB7 /* AppDelegate.swift */; };
		3ACF15C01BDE3CE500FEDBB7 /* Assets.xcassets in Resources */ = {isa = PBXBuildFile; fileRef = 3ACF15BF1BDE3CE500FEDBB7 /* Assets.xcassets */; };
		3AF79C7E1BE286E5008B54E0 /* GZDUserAccount.swift in Sources */ = {isa = PBXBuildFile; fileRef = 3AF79C7D1BE286E5008B54E0 /* GZDUserAccount.swift */; };
		8516E2F631FC966C23E295B7 /* Pods_GZDSinaSwift.framework in Frameworks */ = {isa = PBXBuildFile; fileRef = A0D6EC0A35DB50806C22076F /* Pods_GZDSinaSwift.framework */; };
/* End PBXBuildFile section */

/* Begin PBXFileReference section */
		0EFFD72B03151C1F6892EBDD /* Pods-GZDSinaSwift.debug.xcconfig */ = {isa = PBXFileReference; includeInIndex = 1; lastKnownFileType = text.xcconfig; name = "Pods-GZDSinaSwift.debug.xcconfig"; path = "Pods/Target Support Files/Pods-GZDSinaSwift/Pods-GZDSinaSwift.debug.xcconfig"; sourceTree = "<group>"; };
		3A0B91641BDE587B0021B840 /* GZDHomeTableViewController.swift */ = {isa = PBXFileReference; fileEncoding = 4; lastKnownFileType = sourcecode.swift; path = GZDHomeTableViewController.swift; sourceTree = "<group>"; };
		3A0B91691BDE587B0021B840 /* GZDTabBarController.swift */ = {isa = PBXFileReference; fileEncoding = 4; lastKnownFileType = sourcecode.swift; path = GZDTabBarController.swift; sourceTree = "<group>"; };
		3A0B916B1BDE587B0021B840 /* GZDTabBar.swift */ = {isa = PBXFileReference; fileEncoding = 4; lastKnownFileType = sourcecode.swift; path = GZDTabBar.swift; sourceTree = "<group>"; };
		3A0B916E1BDE587B0021B840 /* GZDMessageTableViewController.swift */ = {isa = PBXFileReference; fileEncoding = 4; lastKnownFileType = sourcecode.swift; path = GZDMessageTableViewController.swift; sourceTree = "<group>"; };
		3A0B91731BDE587B0021B840 /* GZDProfileTableViewController.swift */ = {isa = PBXFileReference; fileEncoding = 4; lastKnownFileType = sourcecode.swift; path = GZDProfileTableViewController.swift; sourceTree = "<group>"; };
		3A0B917D1BDE58D70021B840 /* GZDDiscoverTableViewController.swift */ = {isa = PBXFileReference; fileEncoding = 4; lastKnownFileType = sourcecode.swift; path = GZDDiscoverTableViewController.swift; sourceTree = "<group>"; };
		3A0B91821BDE5D6B0021B840 /* GZDBaseTableViewController.swift */ = {isa = PBXFileReference; fileEncoding = 4; lastKnownFileType = sourcecode.swift; path = GZDBaseTableViewController.swift; sourceTree = "<group>"; };
		3A0B91861BDE5EB70021B840 /* GZDVisitorView.swift */ = {isa = PBXFileReference; fileEncoding = 4; lastKnownFileType = sourcecode.swift; path = GZDVisitorView.swift; sourceTree = "<group>"; };
		3A402E2B1BEE2F7000F0843C /* GZDPhotoSelectController.swift */ = {isa = PBXFileReference; fileEncoding = 4; lastKnownFileType = sourcecode.swift; path = GZDPhotoSelectController.swift; sourceTree = "<group>"; };
		3A402E2D1BEE2F7E00F0843C /* UIImage + Extension.swift */ = {isa = PBXFileReference; fileEncoding = 4; lastKnownFileType = sourcecode.swift; path = "UIImage + Extension.swift"; sourceTree = "<group>"; };
		3A8033101BE8DE10002295D4 /* GZDRefreshControl.swift */ = {isa = PBXFileReference; fileEncoding = 4; lastKnownFileType = sourcecode.swift; path = GZDRefreshControl.swift; sourceTree = "<group>"; };
		3A8033121BE8DE8F002295D4 /* GZDRefreshView.xib */ = {isa = PBXFileReference; fileEncoding = 4; lastKnownFileType = file.xib; path = GZDRefreshView.xib; sourceTree = "<group>"; };
		3A8E02F31BEA784C00102EAE /* GZDComposeViewController.swift */ = {isa = PBXFileReference; fileEncoding = 4; lastKnownFileType = sourcecode.swift; path = GZDComposeViewController.swift; sourceTree = "<group>"; };
		3A9569531BE64E0B00E15184 /* UILabel + Extension.swift */ = {isa = PBXFileReference; fileEncoding = 4; lastKnownFileType = sourcecode.swift; path = "UILabel + Extension.swift"; sourceTree = "<group>"; };
		3A9569551BE67D0200E15184 /* GZDBottomView.swift */ = {isa = PBXFileReference; fileEncoding = 4; lastKnownFileType = sourcecode.swift; path = GZDBottomView.swift; sourceTree = "<group>"; };
		3A9569571BE67D2E00E15184 /* UIButton + Extension.swift */ = {isa = PBXFileReference; fileEncoding = 4; lastKnownFileType = sourcecode.swift; path = "UIButton + Extension.swift"; sourceTree = "<group>"; };
		3A99A4A01BEB70F30089D63B /* GZDPlaceholderTextView.swift */ = {isa = PBXFileReference; fileEncoding = 4; lastKnownFileType = sourcecode.swift; path = GZDPlaceholderTextView.swift; sourceTree = "<group>"; };
		3AA378F21BE4DEA100671F97 /* UIBarButtonItem + Extension.swift */ = {isa = PBXFileReference; fileEncoding = 4; lastKnownFileType = sourcecode.swift; path = "UIBarButtonItem + Extension.swift"; sourceTree = "<group>"; };
		3AA378F41BE4F61A00671F97 /* GZDHomeTitleButton.swift */ = {isa = PBXFileReference; fileEncoding = 4; lastKnownFileType = sourcecode.swift; path = GZDHomeTitleButton.swift; sourceTree = "<group>"; };
		3AA378F61BE50B1800671F97 /* UIView+AutoLayout.swift */ = {isa = PBXFileReference; fileEncoding = 4; lastKnownFileType = sourcecode.swift; path = "UIView+AutoLayout.swift"; sourceTree = "<group>"; };
		3AA378F81BE5360400671F97 /* GZDStatus.swift */ = {isa = PBXFileReference; fileEncoding = 4; lastKnownFileType = sourcecode.swift; path = GZDStatus.swift; sourceTree = "<group>"; };
		3AA378FA1BE595C900671F97 /* GZDUser.swift */ = {isa = PBXFileReference; fileEncoding = 4; lastKnownFileType = sourcecode.swift; path = GZDUser.swift; sourceTree = "<group>"; };
		3AA379221BE6280A00671F97 /* GZDHomeCell.swift */ = {isa = PBXFileReference; fileEncoding = 4; lastKnownFileType = sourcecode.swift; path = GZDHomeCell.swift; sourceTree = "<group>"; };
		3AA379241BE6282F00671F97 /* GZDTopView.swift */ = {isa = PBXFileReference; fileEncoding = 4; lastKnownFileType = sourcecode.swift; path = GZDTopView.swift; sourceTree = "<group>"; };
		3AA66F4C1BDF7AAE005659A4 /* GZDNetworkTools.swift */ = {isa = PBXFileReference; fileEncoding = 4; lastKnownFileType = sourcecode.swift; path = GZDNetworkTools.swift; sourceTree = "<group>"; };
		3AA81EE91BE6EBF600DB6C9C /* UIScreen + Extension.swift */ = {isa = PBXFileReference; fileEncoding = 4; lastKnownFileType = sourcecode.swift; path = "UIScreen + Extension.swift"; sourceTree = "<group>"; };
		3AA81EEB1BE6F06600DB6C9C /* GZDPictureView.swift */ = {isa = PBXFileReference; fileEncoding = 4; lastKnownFileType = sourcecode.swift; path = GZDPictureView.swift; sourceTree = "<group>"; };
		3AA81EED1BE77C5300DB6C9C /* GZDForwardCell.swift */ = {isa = PBXFileReference; fileEncoding = 4; lastKnownFileType = sourcecode.swift; path = GZDForwardCell.swift; sourceTree = "<group>"; };
		3AA81EEF1BE78FD500DB6C9C /* GZDNormalCell.swift */ = {isa = PBXFileReference; fileEncoding = 4; lastKnownFileType = sourcecode.swift; path = GZDNormalCell.swift; sourceTree = "<group>"; };
		3AA81EF11BE7CA7500DB6C9C /* UIImageView + Extension.swift */ = {isa = PBXFileReference; fileEncoding = 4; lastKnownFileType = sourcecode.swift; path = "UIImageView + Extension.swift"; sourceTree = "<group>"; };
		3AAE203C1BE38E480075C933 /* GZDWelcomeViewController.swift */ = {isa = PBXFileReference; fileEncoding = 4; lastKnownFileType = sourcecode.swift; path = GZDWelcomeViewController.swift; sourceTree = "<group>"; };
		3AAE203E1BE3A5050075C933 /* GZDNewFeatureViewController.swift */ = {isa = PBXFileReference; fileEncoding = 4; lastKnownFileType = sourcecode.swift; path = GZDNewFeatureViewController.swift; sourceTree = "<group>"; };
		3AAE20401BE3A9130075C933 /* UIColor + Extension.swift */ = {isa = PBXFileReference; fileEncoding = 4; lastKnownFileType = sourcecode.swift; path = "UIColor + Extension.swift"; sourceTree = "<group>"; };
		3AB78DB31BEB0BC3002B5E82 /* GZDComposeToolBar.swift */ = {isa = PBXFileReference; fileEncoding = 4; lastKnownFileType = sourcecode.swift; path = GZDComposeToolBar.swift; sourceTree = "<group>"; };
		3AB78DB51BEB1078002B5E82 /* Storyboard.storyboard */ = {isa = PBXFileReference; fileEncoding = 4; lastKnownFileType = file.storyboard; path = Storyboard.storyboard; sourceTree = "<group>"; };
		3AC4CABF1BEED5CA00DA272E /* GZDPhotoBrowseController.swift */ = {isa = PBXFileReference; fileEncoding = 4; lastKnownFileType = sourcecode.swift; path = GZDPhotoBrowseController.swift; sourceTree = "<group>"; };
		3ACACA811BE0E63000686FC5 /* GZDOAuthViewController.swift */ = {isa = PBXFileReference; fileEncoding = 4; lastKnownFileType = sourcecode.swift; path = GZDOAuthViewController.swift; sourceTree = "<group>"; wrapsLines = 1; };
		3ACF15B51BDE3CE500FEDBB7 /* GZDSinaSwift.app */ = {isa = PBXFileReference; explicitFileType = wrapper.application; includeInIndex = 0; path = GZDSinaSwift.app; sourceTree = BUILT_PRODUCTS_DIR; };
		3ACF15B81BDE3CE500FEDBB7 /* AppDelegate.swift */ = {isa = PBXFileReference; lastKnownFileType = sourcecode.swift; path = AppDelegate.swift; sourceTree = "<group>"; };
		3ACF15BF1BDE3CE500FEDBB7 /* Assets.xcassets */ = {isa = PBXFileReference; lastKnownFileType = folder.assetcatalog; path = Assets.xcassets; sourceTree = "<group>"; };
		3ACF15C41BDE3CE500FEDBB7 /* Info.plist */ = {isa = PBXFileReference; lastKnownFileType = text.plist.xml; path = Info.plist; sourceTree = "<group>"; };
		3AF79C7D1BE286E5008B54E0 /* GZDUserAccount.swift */ = {isa = PBXFileReference; fileEncoding = 4; lastKnownFileType = sourcecode.swift; path = GZDUserAccount.swift; sourceTree = "<group>"; };
		4883C52F329BC47604070C6B /* Pods-GZDSinaSwift.release.xcconfig */ = {isa = PBXFileReference; includeInIndex = 1; lastKnownFileType = text.xcconfig; name = "Pods-GZDSinaSwift.release.xcconfig"; path = "Pods/Target Support Files/Pods-GZDSinaSwift/Pods-GZDSinaSwift.release.xcconfig"; sourceTree = "<group>"; };
		A0D6EC0A35DB50806C22076F /* Pods_GZDSinaSwift.framework */ = {isa = PBXFileReference; explicitFileType = wrapper.framework; includeInIndex = 0; path = Pods_GZDSinaSwift.framework; sourceTree = BUILT_PRODUCTS_DIR; };
/* End PBXFileReference section */

/* Begin PBXFrameworksBuildPhase section */
		3ACF15B21BDE3CE500FEDBB7 /* Frameworks */ = {
			isa = PBXFrameworksBuildPhase;
			buildActionMask = 2147483647;
			files = (
				8516E2F631FC966C23E295B7 /* Pods_GZDSinaSwift.framework in Frameworks */,
			);
			runOnlyForDeploymentPostprocessing = 0;
		};
/* End PBXFrameworksBuildPhase section */

/* Begin PBXGroup section */
		3A0B913E1BDE3FDC0021B840 /* Classes */ = {
			isa = PBXGroup;
			children = (
				3A0B915E1BDE57E10021B840 /* Extension(扩展) */,
				3A0B91811BDE58F80021B840 /* Model(全局模型) */,
				3A0B91611BDE58370021B840 /* Module(模块) */,
				3A0B91601BDE58240021B840 /* Tool(工具类) */,
				3A0B915F1BDE58170021B840 /* Library(第三方库) */,
			);
			path = Classes;
			sourceTree = "<group>";
		};
		3A0B915E1BDE57E10021B840 /* Extension(扩展) */ = {
			isa = PBXGroup;
			children = (
				3A402E2D1BEE2F7E00F0843C /* UIImage + Extension.swift */,
				3AAE20401BE3A9130075C933 /* UIColor + Extension.swift */,
				3AA378F21BE4DEA100671F97 /* UIBarButtonItem + Extension.swift */,
				3A9569531BE64E0B00E15184 /* UILabel + Extension.swift */,
				3A9569571BE67D2E00E15184 /* UIButton + Extension.swift */,
				3AA81EE91BE6EBF600DB6C9C /* UIScreen + Extension.swift */,
				3AA81EF11BE7CA7500DB6C9C /* UIImageView + Extension.swift */,
			);
			name = "Extension(扩展)";
			path = Extension;
			sourceTree = "<group>";
		};
		3A0B915F1BDE58170021B840 /* Library(第三方库) */ = {
			isa = PBXGroup;
			children = (
				3A402E291BEE2F5100F0843C /* PhotoBrowse(照片浏览器) */,
				3A402E2A1BEE2F5100F0843C /* PhotoSelector(照片选择器) */,
				3AA378F61BE50B1800671F97 /* UIView+AutoLayout.swift */,
			);
			name = "Library(第三方库)";
			path = Library;
			sourceTree = "<group>";
		};
		3A0B91601BDE58240021B840 /* Tool(工具类) */ = {
			isa = PBXGroup;
			children = (
				3AA66F4C1BDF7AAE005659A4 /* GZDNetworkTools.swift */,
			);
			name = "Tool(工具类)";
			path = Tool;
			sourceTree = "<group>";
		};
		3A0B91611BDE58370021B840 /* Module(模块) */ = {
			isa = PBXGroup;
			children = (
				3A8E02EF1BEA777700102EAE /* Compose */,
				3AAE203B1BE38E330075C933 /* NewFeature */,
				3ACACA7F1BE0E5C500686FC5 /* OAuth */,
				3A0B91881BDE6A670021B840 /* Test */,
				3A0B917B1BDE58D70021B840 /* Discover */,
				3A0B91621BDE587B0021B840 /* Home */,
				3A0B91671BDE587B0021B840 /* Main */,
				3A0B916C1BDE587B0021B840 /* Message */,
				3A0B91711BDE587B0021B840 /* Profile */,
			);
			name = "Module(模块)";
			path = Module;
			sourceTree = "<group>";
		};
		3A0B91621BDE587B0021B840 /* Home */ = {
			isa = PBXGroup;
			children = (
				3A0B91631BDE587B0021B840 /* Controller */,
			);
			path = Home;
			sourceTree = "<group>";
		};
		3A0B91631BDE587B0021B840 /* Controller */ = {
			isa = PBXGroup;
			children = (
				3A0B91641BDE587B0021B840 /* GZDHomeTableViewController.swift */,
				3A8033101BE8DE10002295D4 /* GZDRefreshControl.swift */,
				3A8033121BE8DE8F002295D4 /* GZDRefreshView.xib */,
				3A0B91651BDE587B0021B840 /* Model */,
				3A0B91661BDE587B0021B840 /* View */,
			);
			path = Controller;
			sourceTree = "<group>";
		};
		3A0B91651BDE587B0021B840 /* Model */ = {
			isa = PBXGroup;
			children = (
			);
			name = Model;
			path = ../Model;
			sourceTree = "<group>";
		};
		3A0B91661BDE587B0021B840 /* View */ = {
			isa = PBXGroup;
			children = (
				3AA379211BE627DA00671F97 /* Cell */,
				3AA378F41BE4F61A00671F97 /* GZDHomeTitleButton.swift */,
			);
			name = View;
			path = ../View;
			sourceTree = "<group>";
		};
		3A0B91671BDE587B0021B840 /* Main */ = {
			isa = PBXGroup;
			children = (
				3A0B91681BDE587B0021B840 /* Controller */,
				3A0B916A1BDE587B0021B840 /* View */,
			);
			path = Main;
			sourceTree = "<group>";
		};
		3A0B91681BDE587B0021B840 /* Controller */ = {
			isa = PBXGroup;
			children = (
				3A0B91691BDE587B0021B840 /* GZDTabBarController.swift */,
				3A0B91821BDE5D6B0021B840 /* GZDBaseTableViewController.swift */,
			);
			path = Controller;
			sourceTree = "<group>";
		};
		3A0B916A1BDE587B0021B840 /* View */ = {
			isa = PBXGroup;
			children = (
				3A0B916B1BDE587B0021B840 /* GZDTabBar.swift */,
				3A0B91861BDE5EB70021B840 /* GZDVisitorView.swift */,
			);
			path = View;
			sourceTree = "<group>";
		};
		3A0B916C1BDE587B0021B840 /* Message */ = {
			isa = PBXGroup;
			children = (
				3A0B916D1BDE587B0021B840 /* Controller */,
				3A0B916F1BDE587B0021B840 /* Model */,
				3A0B91701BDE587B0021B840 /* View */,
			);
			path = Message;
			sourceTree = "<group>";
		};
		3A0B916D1BDE587B0021B840 /* Controller */ = {
			isa = PBXGroup;
			children = (
				3A0B916E1BDE587B0021B840 /* GZDMessageTableViewController.swift */,
			);
			path = Controller;
			sourceTree = "<group>";
		};
		3A0B916F1BDE587B0021B840 /* Model */ = {
			isa = PBXGroup;
			children = (
			);
			path = Model;
			sourceTree = "<group>";
		};
		3A0B91701BDE587B0021B840 /* View */ = {
			isa = PBXGroup;
			children = (
			);
			path = View;
			sourceTree = "<group>";
		};
		3A0B91711BDE587B0021B840 /* Profile */ = {
			isa = PBXGroup;
			children = (
				3A0B91721BDE587B0021B840 /* Controller */,
				3A0B91741BDE587B0021B840 /* Model */,
				3A0B91751BDE587B0021B840 /* View */,
			);
			path = Profile;
			sourceTree = "<group>";
		};
		3A0B91721BDE587B0021B840 /* Controller */ = {
			isa = PBXGroup;
			children = (
				3A0B91731BDE587B0021B840 /* GZDProfileTableViewController.swift */,
			);
			path = Controller;
			sourceTree = "<group>";
		};
		3A0B91741BDE587B0021B840 /* Model */ = {
			isa = PBXGroup;
			children = (
			);
			path = Model;
			sourceTree = "<group>";
		};
		3A0B91751BDE587B0021B840 /* View */ = {
			isa = PBXGroup;
			children = (
			);
			path = View;
			sourceTree = "<group>";
		};
		3A0B917B1BDE58D70021B840 /* Discover */ = {
			isa = PBXGroup;
			children = (
				3A0B917C1BDE58D70021B840 /* Controller */,
				3A0B917E1BDE58D70021B840 /* Model */,
				3A0B917F1BDE58D70021B840 /* View */,
			);
			path = Discover;
			sourceTree = "<group>";
		};
		3A0B917C1BDE58D70021B840 /* Controller */ = {
			isa = PBXGroup;
			children = (
				3A0B917D1BDE58D70021B840 /* GZDDiscoverTableViewController.swift */,
			);
			path = Controller;
			sourceTree = "<group>";
		};
		3A0B917E1BDE58D70021B840 /* Model */ = {
			isa = PBXGroup;
			children = (
			);
			path = Model;
			sourceTree = "<group>";
		};
		3A0B917F1BDE58D70021B840 /* View */ = {
			isa = PBXGroup;
			children = (
			);
			path = View;
			sourceTree = "<group>";
		};
		3A0B91811BDE58F80021B840 /* Model(全局模型) */ = {
			isa = PBXGroup;
			children = (
				3AA378F81BE5360400671F97 /* GZDStatus.swift */,
				3AA378FA1BE595C900671F97 /* GZDUser.swift */,
				3AF79C7D1BE286E5008B54E0 /* GZDUserAccount.swift */,
			);
			name = "Model(全局模型)";
			path = Model;
			sourceTree = "<group>";
		};
		3A0B91881BDE6A670021B840 /* Test */ = {
			isa = PBXGroup;
			children = (
				3AB78DB51BEB1078002B5E82 /* Storyboard.storyboard */,
			);
			path = Test;
			sourceTree = "<group>";
		};
		3A402E291BEE2F5100F0843C /* PhotoBrowse(照片浏览器) */ = {
			isa = PBXGroup;
			children = (
				3AC4CABF1BEED5CA00DA272E /* GZDPhotoBrowseController.swift */,
			);
			path = "PhotoBrowse(照片浏览器)";
			sourceTree = "<group>";
		};
		3A402E2A1BEE2F5100F0843C /* PhotoSelector(照片选择器) */ = {
			isa = PBXGroup;
			children = (
				3A402E2B1BEE2F7000F0843C /* GZDPhotoSelectController.swift */,
			);
			path = "PhotoSelector(照片选择器)";
			sourceTree = "<group>";
		};
		3A8E02EF1BEA777700102EAE /* Compose */ = {
			isa = PBXGroup;
			children = (
				3A8E02F01BEA777700102EAE /* Controller */,
				3A8E02F11BEA777700102EAE /* Model */,
				3A8E02F21BEA777700102EAE /* View */,
			);
			path = Compose;
			sourceTree = "<group>";
		};
		3A8E02F01BEA777700102EAE /* Controller */ = {
			isa = PBXGroup;
			children = (
				3A8E02F31BEA784C00102EAE /* GZDComposeViewController.swift */,
			);
			path = Controller;
			sourceTree = "<group>";
		};
		3A8E02F11BEA777700102EAE /* Model */ = {
			isa = PBXGroup;
			children = (
			);
			path = Model;
			sourceTree = "<group>";
		};
		3A8E02F21BEA777700102EAE /* View */ = {
			isa = PBXGroup;
			children = (
				3AB78DB31BEB0BC3002B5E82 /* GZDComposeToolBar.swift */,
				3A99A4A01BEB70F30089D63B /* GZDPlaceholderTextView.swift */,
			);
			path = View;
			sourceTree = "<group>";
		};
		3AA379211BE627DA00671F97 /* Cell */ = {
			isa = PBXGroup;
			children = (
				3AA379221BE6280A00671F97 /* GZDHomeCell.swift */,
				3AA81EED1BE77C5300DB6C9C /* GZDForwardCell.swift */,
				3AA81EEF1BE78FD500DB6C9C /* GZDNormalCell.swift */,
				3AA379241BE6282F00671F97 /* GZDTopView.swift */,
				3A9569551BE67D0200E15184 /* GZDBottomView.swift */,
				3AA81EEB1BE6F06600DB6C9C /* GZDPictureView.swift */,
			);
			path = Cell;
			sourceTree = "<group>";
		};
		3AAE203B1BE38E330075C933 /* NewFeature */ = {
			isa = PBXGroup;
			children = (
				3AAE203C1BE38E480075C933 /* GZDWelcomeViewController.swift */,
				3AAE203E1BE3A5050075C933 /* GZDNewFeatureViewController.swift */,
			);
			path = NewFeature;
			sourceTree = "<group>";
		};
		3ACACA7F1BE0E5C500686FC5 /* OAuth */ = {
			isa = PBXGroup;
			children = (
				3ACACA801BE0E5D900686FC5 /* Controller */,
			);
			path = OAuth;
			sourceTree = "<group>";
		};
		3ACACA801BE0E5D900686FC5 /* Controller */ = {
			isa = PBXGroup;
			children = (
				3ACACA811BE0E63000686FC5 /* GZDOAuthViewController.swift */,
			);
			path = Controller;
			sourceTree = "<group>";
		};
		3ACF15AC1BDE3CE500FEDBB7 = {
			isa = PBXGroup;
			children = (
				3ACF15B71BDE3CE500FEDBB7 /* GZDSinaSwift */,
				3ACF15B61BDE3CE500FEDBB7 /* Products */,
				F9960D16056EB6792FEC106A /* Pods */,
				F9165B20E724A065E32B3136 /* Frameworks */,
			);
			sourceTree = "<group>";
		};
		3ACF15B61BDE3CE500FEDBB7 /* Products */ = {
			isa = PBXGroup;
			children = (
				3ACF15B51BDE3CE500FEDBB7 /* GZDSinaSwift.app */,
			);
			name = Products;
			sourceTree = "<group>";
		};
		3ACF15B71BDE3CE500FEDBB7 /* GZDSinaSwift */ = {
			isa = PBXGroup;
			children = (
				3ACF15B81BDE3CE500FEDBB7 /* AppDelegate.swift */,
				3A0B913E1BDE3FDC0021B840 /* Classes */,
				3ACF15BF1BDE3CE500FEDBB7 /* Assets.xcassets */,
				3ACF15C41BDE3CE500FEDBB7 /* Info.plist */,
			);
			path = GZDSinaSwift;
			sourceTree = "<group>";
		};
		F9165B20E724A065E32B3136 /* Frameworks */ = {
			isa = PBXGroup;
			children = (
				A0D6EC0A35DB50806C22076F /* Pods_GZDSinaSwift.framework */,
			);
			name = Frameworks;
			sourceTree = "<group>";
		};
		F9960D16056EB6792FEC106A /* Pods */ = {
			isa = PBXGroup;
			children = (
				0EFFD72B03151C1F6892EBDD /* Pods-GZDSinaSwift.debug.xcconfig */,
				4883C52F329BC47604070C6B /* Pods-GZDSinaSwift.release.xcconfig */,
			);
			name = Pods;
			sourceTree = "<group>";
		};
/* End PBXGroup section */

/* Begin PBXNativeTarget section */
		3ACF15B41BDE3CE500FEDBB7 /* GZDSinaSwift */ = {
			isa = PBXNativeTarget;
			buildConfigurationList = 3ACF15C71BDE3CE500FEDBB7 /* Build configuration list for PBXNativeTarget "GZDSinaSwift" */;
			buildPhases = (
				2F132A90D62350601AB45615 /* Check Pods Manifest.lock */,
				3ACF15B11BDE3CE500FEDBB7 /* Sources */,
				3ACF15B21BDE3CE500FEDBB7 /* Frameworks */,
				3ACF15B31BDE3CE500FEDBB7 /* Resources */,
				CFC14153E02A34AF90E34E8E /* Embed Pods Frameworks */,
				617B82B7C908F5922FC07754 /* Copy Pods Resources */,
			);
			buildRules = (
			);
			dependencies = (
			);
			name = GZDSinaSwift;
			productName = GZDSinaSwift;
			productReference = 3ACF15B51BDE3CE500FEDBB7 /* GZDSinaSwift.app */;
			productType = "com.apple.product-type.application";
		};
/* End PBXNativeTarget section */

/* Begin PBXProject section */
		3ACF15AD1BDE3CE500FEDBB7 /* Project object */ = {
			isa = PBXProject;
			attributes = {
				CLASSPREFIX = GZD;
				LastSwiftUpdateCheck = 0710;
				LastUpgradeCheck = 0710;
				ORGANIZATIONNAME = "高正德";
				TargetAttributes = {
					3ACF15B41BDE3CE500FEDBB7 = {
						CreatedOnToolsVersion = 7.1;
						DevelopmentTeam = CBV2F22B8N;
					};
				};
			};
			buildConfigurationList = 3ACF15B01BDE3CE500FEDBB7 /* Build configuration list for PBXProject "GZDSinaSwift" */;
			compatibilityVersion = "Xcode 3.2";
			developmentRegion = English;
			hasScannedForEncodings = 0;
			knownRegions = (
				en,
				Base,
			);
			mainGroup = 3ACF15AC1BDE3CE500FEDBB7;
			productRefGroup = 3ACF15B61BDE3CE500FEDBB7 /* Products */;
			projectDirPath = "";
			projectRoot = "";
			targets = (
				3ACF15B41BDE3CE500FEDBB7 /* GZDSinaSwift */,
			);
		};
/* End PBXProject section */

/* Begin PBXResourcesBuildPhase section */
		3ACF15B31BDE3CE500FEDBB7 /* Resources */ = {
			isa = PBXResourcesBuildPhase;
			buildActionMask = 2147483647;
			files = (
				3ACF15C01BDE3CE500FEDBB7 /* Assets.xcassets in Resources */,
				3A8033131BE8DE8F002295D4 /* GZDRefreshView.xib in Resources */,
				3AB78DB61BEB1078002B5E82 /* Storyboard.storyboard in Resources */,
			);
			runOnlyForDeploymentPostprocessing = 0;
		};
/* End PBXResourcesBuildPhase section */

/* Begin PBXShellScriptBuildPhase section */
		2F132A90D62350601AB45615 /* Check Pods Manifest.lock */ = {
			isa = PBXShellScriptBuildPhase;
			buildActionMask = 2147483647;
			files = (
			);
			inputPaths = (
			);
			name = "Check Pods Manifest.lock";
			outputPaths = (
			);
			runOnlyForDeploymentPostprocessing = 0;
			shellPath = /bin/sh;
			shellScript = "diff \"${PODS_ROOT}/../Podfile.lock\" \"${PODS_ROOT}/Manifest.lock\" > /dev/null\nif [[ $? != 0 ]] ; then\n    cat << EOM\nerror: The sandbox is not in sync with the Podfile.lock. Run 'pod install' or update your CocoaPods installation.\nEOM\n    exit 1\nfi\n";
			showEnvVarsInLog = 0;
		};
		617B82B7C908F5922FC07754 /* Copy Pods Resources */ = {
			isa = PBXShellScriptBuildPhase;
			buildActionMask = 2147483647;
			files = (
			);
			inputPaths = (
			);
			name = "Copy Pods Resources";
			outputPaths = (
			);
			runOnlyForDeploymentPostprocessing = 0;
			shellPath = /bin/sh;
			shellScript = "\"${SRCROOT}/Pods/Target Support Files/Pods-GZDSinaSwift/Pods-GZDSinaSwift-resources.sh\"\n";
			showEnvVarsInLog = 0;
		};
		CFC14153E02A34AF90E34E8E /* Embed Pods Frameworks */ = {
			isa = PBXShellScriptBuildPhase;
			buildActionMask = 2147483647;
			files = (
			);
			inputPaths = (
			);
			name = "Embed Pods Frameworks";
			outputPaths = (
			);
			runOnlyForDeploymentPostprocessing = 0;
			shellPath = /bin/sh;
			shellScript = "\"${SRCROOT}/Pods/Target Support Files/Pods-GZDSinaSwift/Pods-GZDSinaSwift-frameworks.sh\"\n";
			showEnvVarsInLog = 0;
		};
/* End PBXShellScriptBuildPhase section */

/* Begin PBXSourcesBuildPhase section */
		3ACF15B11BDE3CE500FEDBB7 /* Sources */ = {
			isa = PBXSourcesBuildPhase;
			buildActionMask = 2147483647;
			files = (
				3AC4CAC01BEED5CA00DA272E /* GZDPhotoBrowseController.swift in Sources */,
				3A9569581BE67D2E00E15184 /* UIButton + Extension.swift in Sources */,
				3AA378FB1BE595C900671F97 /* GZDUser.swift in Sources */,
				3AA66F4D1BDF7AAE005659A4 /* GZDNetworkTools.swift in Sources */,
				3AA378F71BE50B1800671F97 /* UIView+AutoLayout.swift in Sources */,
				3A9569561BE67D0200E15184 /* GZDBottomView.swift in Sources */,
				3A402E2E1BEE2F7E00F0843C /* UIImage + Extension.swift in Sources */,
				3AA81EEA1BE6EBF600DB6C9C /* UIScreen + Extension.swift in Sources */,
				3AAE203D1BE38E480075C933 /* GZDWelcomeViewController.swift in Sources */,
				3AAE203F1BE3A5050075C933 /* GZDNewFeatureViewController.swift in Sources */,
				3AA378F51BE4F61A00671F97 /* GZDHomeTitleButton.swift in Sources */,
				3AA81EEE1BE77C5300DB6C9C /* GZDForwardCell.swift in Sources */,
				3AA379251BE6282F00671F97 /* GZDTopView.swift in Sources */,
				3A0B91761BDE587B0021B840 /* GZDHomeTableViewController.swift in Sources */,
				3AA81EF01BE78FD500DB6C9C /* GZDNormalCell.swift in Sources */,
				3A0B91801BDE58D70021B840 /* GZDDiscoverTableViewController.swift in Sources */,
				3A0B91871BDE5EB70021B840 /* GZDVisitorView.swift in Sources */,
				3A9569541BE64E0B00E15184 /* UILabel + Extension.swift in Sources */,
				3AA378F31BE4DEA100671F97 /* UIBarButtonItem + Extension.swift in Sources */,
				3AA379231BE6280A00671F97 /* GZDHomeCell.swift in Sources */,
				3A8033111BE8DE10002295D4 /* GZDRefreshControl.swift in Sources */,
				3AB78DB41BEB0BC3002B5E82 /* GZDComposeToolBar.swift in Sources */,
				3A8E02F41BEA784C00102EAE /* GZDComposeViewController.swift in Sources */,
				3A0B91781BDE587B0021B840 /* GZDTabBar.swift in Sources */,
				3A0B91771BDE587B0021B840 /* GZDTabBarController.swift in Sources */,
				3AA81EEC1BE6F06600DB6C9C /* GZDPictureView.swift in Sources */,
				3A402E2C1BEE2F7000F0843C /* GZDPhotoSelectController.swift in Sources */,
				3ACACA821BE0E63000686FC5 /* GZDOAuthViewController.swift in Sources */,
				3A99A4A11BEB70F30089D63B /* GZDPlaceholderTextView.swift in Sources */,
				3AA378F91BE5360400671F97 /* GZDStatus.swift in Sources */,
				3AAE20411BE3A9130075C933 /* UIColor + Extension.swift in Sources */,
				3AA81EF21BE7CA7500DB6C9C /* UIImageView + Extension.swift in Sources */,
				3A0B91831BDE5D6B0021B840 /* GZDBaseTableViewController.swift in Sources */,
				3AF79C7E1BE286E5008B54E0 /* GZDUserAccount.swift in Sources */,
				3ACF15B91BDE3CE500FEDBB7 /* AppDelegate.swift in Sources */,
				3A0B91791BDE587B0021B840 /* GZDMessageTableViewController.swift in Sources */,
				3A0B917A1BDE587B0021B840 /* GZDProfileTableViewController.swift in Sources */,
			);
			runOnlyForDeploymentPostprocessing = 0;
		};
/* End PBXSourcesBuildPhase section */

/* Begin XCBuildConfiguration section */
		3ACF15C51BDE3CE500FEDBB7 /* Debug */ = {
			isa = XCBuildConfiguration;
			buildSettings = {
				ALWAYS_SEARCH_USER_PATHS = NO;
				CLANG_CXX_LANGUAGE_STANDARD = "gnu++0x";
				CLANG_CXX_LIBRARY = "libc++";
				CLANG_ENABLE_MODULES = YES;
				CLANG_ENABLE_OBJC_ARC = YES;
				CLANG_WARN_BOOL_CONVERSION = YES;
				CLANG_WARN_CONSTANT_CONVERSION = YES;
				CLANG_WARN_DIRECT_OBJC_ISA_USAGE = YES_ERROR;
				CLANG_WARN_EMPTY_BODY = YES;
				CLANG_WARN_ENUM_CONVERSION = YES;
				CLANG_WARN_INT_CONVERSION = YES;
				CLANG_WARN_OBJC_ROOT_CLASS = YES_ERROR;
				CLANG_WARN_UNREACHABLE_CODE = YES;
				CLANG_WARN__DUPLICATE_METHOD_MATCH = YES;
				"CODE_SIGN_IDENTITY[sdk=iphoneos*]" = "iPhone Developer";
				COPY_PHASE_STRIP = NO;
				DEBUG_INFORMATION_FORMAT = dwarf;
				ENABLE_STRICT_OBJC_MSGSEND = YES;
				ENABLE_TESTABILITY = YES;
				GCC_C_LANGUAGE_STANDARD = gnu99;
				GCC_DYNAMIC_NO_PIC = NO;
				GCC_NO_COMMON_BLOCKS = YES;
				GCC_OPTIMIZATION_LEVEL = 0;
				GCC_PREPROCESSOR_DEFINITIONS = (
					"DEBUG=1",
					"$(inherited)",
				);
				GCC_WARN_64_TO_32_BIT_CONVERSION = YES;
				GCC_WARN_ABOUT_RETURN_TYPE = YES_ERROR;
				GCC_WARN_UNDECLARED_SELECTOR = YES;
				GCC_WARN_UNINITIALIZED_AUTOS = YES_AGGRESSIVE;
				GCC_WARN_UNUSED_FUNCTION = YES;
				GCC_WARN_UNUSED_VARIABLE = YES;
				IPHONEOS_DEPLOYMENT_TARGET = 9.1;
				MTL_ENABLE_DEBUG_INFO = YES;
				ONLY_ACTIVE_ARCH = YES;
				SDKROOT = iphoneos;
				SWIFT_OPTIMIZATION_LEVEL = "-Onone";
				TARGETED_DEVICE_FAMILY = "1,2";
			};
			name = Debug;
		};
		3ACF15C61BDE3CE500FEDBB7 /* Release */ = {
			isa = XCBuildConfiguration;
			buildSettings = {
				ALWAYS_SEARCH_USER_PATHS = NO;
				CLANG_CXX_LANGUAGE_STANDARD = "gnu++0x";
				CLANG_CXX_LIBRARY = "libc++";
				CLANG_ENABLE_MODULES = YES;
				CLANG_ENABLE_OBJC_ARC = YES;
				CLANG_WARN_BOOL_CONVERSION = YES;
				CLANG_WARN_CONSTANT_CONVERSION = YES;
				CLANG_WARN_DIRECT_OBJC_ISA_USAGE = YES_ERROR;
				CLANG_WARN_EMPTY_BODY = YES;
				CLANG_WARN_ENUM_CONVERSION = YES;
				CLANG_WARN_INT_CONVERSION = YES;
				CLANG_WARN_OBJC_ROOT_CLASS = YES_ERROR;
				CLANG_WARN_UNREACHABLE_CODE = YES;
				CLANG_WARN__DUPLICATE_METHOD_MATCH = YES;
				"CODE_SIGN_IDENTITY[sdk=iphoneos*]" = "iPhone Developer";
				COPY_PHASE_STRIP = NO;
				DEBUG_INFORMATION_FORMAT = "dwarf-with-dsym";
				ENABLE_NS_ASSERTIONS = NO;
				ENABLE_STRICT_OBJC_MSGSEND = YES;
				GCC_C_LANGUAGE_STANDARD = gnu99;
				GCC_NO_COMMON_BLOCKS = YES;
				GCC_WARN_64_TO_32_BIT_CONVERSION = YES;
				GCC_WARN_ABOUT_RETURN_TYPE = YES_ERROR;
				GCC_WARN_UNDECLARED_SELECTOR = YES;
				GCC_WARN_UNINITIALIZED_AUTOS = YES_AGGRESSIVE;
				GCC_WARN_UNUSED_FUNCTION = YES;
				GCC_WARN_UNUSED_VARIABLE = YES;
				IPHONEOS_DEPLOYMENT_TARGET = 9.1;
				MTL_ENABLE_DEBUG_INFO = NO;
				SDKROOT = iphoneos;
				TARGETED_DEVICE_FAMILY = "1,2";
				VALIDATE_PRODUCT = YES;
			};
			name = Release;
		};
		3ACF15C81BDE3CE500FEDBB7 /* Debug */ = {
			isa = XCBuildConfiguration;
			baseConfigurationReference = 0EFFD72B03151C1F6892EBDD /* Pods-GZDSinaSwift.debug.xcconfig */;
			buildSettings = {
				ASSETCATALOG_COMPILER_APPICON_NAME = AppIcon;
				ASSETCATALOG_COMPILER_LAUNCHIMAGE_NAME = "Brand Assets";
				INFOPLIST_FILE = GZDSinaSwift/Info.plist;
				IPHONEOS_DEPLOYMENT_TARGET = 8.0;
				LD_RUNPATH_SEARCH_PATHS = "$(inherited) @executable_path/Frameworks";
				PRODUCT_BUNDLE_IDENTIFIER = com.gzd.www.GZDSinaSwift;
				PRODUCT_NAME = "$(TARGET_NAME)";
			};
			name = Debug;
		};
		3ACF15C91BDE3CE500FEDBB7 /* Release */ = {
			isa = XCBuildConfiguration;
			baseConfigurationReference = 4883C52F329BC47604070C6B /* Pods-GZDSinaSwift.release.xcconfig */;
			buildSettings = {
				ASSETCATALOG_COMPILER_APPICON_NAME = AppIcon;
				ASSETCATALOG_COMPILER_LAUNCHIMAGE_NAME = "Brand Assets";
				INFOPLIST_FILE = GZDSinaSwift/Info.plist;
				IPHONEOS_DEPLOYMENT_TARGET = 8.0;
				LD_RUNPATH_SEARCH_PATHS = "$(inherited) @executable_path/Frameworks";
				PRODUCT_BUNDLE_IDENTIFIER = com.gzd.www.GZDSinaSwift;
				PRODUCT_NAME = "$(TARGET_NAME)";
			};
			name = Release;
		};
/* End XCBuildConfiguration section */

/* Begin XCConfigurationList section */
		3ACF15B01BDE3CE500FEDBB7 /* Build configuration list for PBXProject "GZDSinaSwift" */ = {
			isa = XCConfigurationList;
			buildConfigurations = (
				3ACF15C51BDE3CE500FEDBB7 /* Debug */,
				3ACF15C61BDE3CE500FEDBB7 /* Release */,
			);
			defaultConfigurationIsVisible = 0;
			defaultConfigurationName = Release;
		};
		3ACF15C71BDE3CE500FEDBB7 /* Build configuration list for PBXNativeTarget "GZDSinaSwift" */ = {
			isa = XCConfigurationList;
			buildConfigurations = (
				3ACF15C81BDE3CE500FEDBB7 /* Debug */,
				3ACF15C91BDE3CE500FEDBB7 /* Release */,
			);
			defaultConfigurationIsVisible = 0;
			defaultConfigurationName = Release;
		};
/* End XCConfigurationList section */
	};
	rootObject = 3ACF15AD1BDE3CE500FEDBB7 /* Project object */;
}
